<Solution>
  <Folder Name="/samples/">
    <Project Path="D:/penyland/infinity-toolkit-messaging/samples/AzureServiceBusMessagingSample/AzureServiceBusMessagingSample.csproj" />
    <Project Path="D:/penyland/infinity-toolkit-messaging/samples/MessagingSample/MessagingSample.csproj" />
    <Project Path="D:/penyland/infinity-toolkit-messaging/samples/MessagingSample2/MessagingSample2.csproj" Id="08103178-3df2-489b-816a-2c4287db7619" />
  </Folder>
  <Folder Name="/src/">
    <Project Path="D:/penyland/infinity-toolkit-messaging/src/Infinity.Toolkit.Messaging.AzureServiceBus/Infinity.Toolkit.Messaging.AzureServiceBus.csproj" />
    <Project Path="D:/penyland/infinity-toolkit-messaging/src/Infinity.Toolkit.Messaging/Infinity.Toolkit.Messaging.csproj" />
  </Folder>
  <Folder Name="/tests/">
    <Project Path="D:/penyland/infinity-toolkit-messaging/tests/Infinity.Toolkit.Messaging.Tests/Infinity.Toolkit.Messaging.Tests.csproj" />
  </Folder>
</Solution>
